
Microsoft Visual Studio Solution File, Format Version 12.00
# Visual Studio Version 17
VisualStudioVersion = 17.0.31903.59
MinimumVisualStudioVersion = 10.0.40219.1
Project("{2150E333-8FDC-42A3-9474-1A3956D46DE8}") = "src", "src", "{827E0CD3-B72D-47B6-A68D-7590B98EB39B}"
EndProject
Project("{FAE04EC0-301F-11D3-BF4B-00C04F79EFBC}") = "XOutputRenew.Core", "src\XOutputRenew.Core\XOutputRenew.Core.csproj", "{731F78FF-5AFB-4DF0-9D04-27F887FC3274}"
EndProject
Project("{FAE04EC0-301F-11D3-BF4B-00C04F79EFBC}") = "XOutputRenew.Input", "src\XOutputRenew.Input\XOutputRenew.Input.csproj", "{08D9C9E2-EB03-4818-8700-2BC1333D319A}"
EndProject
Project("{FAE04EC0-301F-11D3-BF4B-00C04F79EFBC}") = "XOutputRenew.Emulation", "src\XOutputRenew.Emulation\XOutputRenew.Emulation.csproj", "{2A63F436-BC1F-4DB3-A01B-A413AF1FA69F}"
EndProject
Project("{FAE04EC0-301F-11D3-BF4B-00C04F79EFBC}") = "XOutputRenew.HidHide", "src\XOutputRenew.HidHide\XOutputRenew.HidHide.csproj", "{997BFC82-746B-41B5-B7D8-F33884526810}"
EndProject
Project("{FAE04EC0-301F-11D3-BF4B-00C04F79EFBC}") = "XOutputRenew.App", "src\XOutputRenew.App\XOutputRenew.App.csproj", "{B8F6A6E7-96CF-41DB-981F-431BC08DAD03}"
EndProject
Project("{2150E333-8FDC-42A3-9474-1A3956D46DE8}") = "tests", "tests", "{0AB3BF05-4346-4AA6-1389-037BE0695223}"
EndProject
Project("{FAE04EC0-301F-11D3-BF4B-00C04F79EFBC}") = "XOutputRenew.Tests", "tests\XOutputRenew.Tests\XOutputRenew.Tests.csproj", "{A2E36E4C-EEDA-4E75-8A04-AB71F3B95C6F}"
EndProject
Global
	GlobalSection(SolutionConfigurationPlatforms) = preSolution
		Debug|Any CPU = Debug|Any CPU
		Debug|x64 = Debug|x64
		Debug|x86 = Debug|x86
		Release|Any CPU = Release|Any CPU
		Release|x64 = Release|x64
		Release|x86 = Release|x86
	EndGlobalSection
	GlobalSection(ProjectConfigurationPlatforms) = postSolution
		{731F78FF-5AFB-4DF0-9D04-27F887FC3274}.Debug|Any CPU.ActiveCfg = Debug|Any CPU
		{731F78FF-5AFB-4DF0-9D04-27F887FC3274}.Debug|Any CPU.Build.0 = Debug|Any CPU
		{731F78FF-5AFB-4DF0-9D04-27F887FC3274}.Debug|x64.ActiveCfg = Debug|Any CPU
		{731F78FF-5AFB-4DF0-9D04-27F887FC3274}.Debug|x64.Build.0 = Debug|Any CPU
		{731F78FF-5AFB-4DF0-9D04-27F887FC3274}.Debug|x86.ActiveCfg = Debug|Any CPU
		{731F78FF-5AFB-4DF0-9D04-27F887FC3274}.Debug|x86.Build.0 = Debug|Any CPU
		{731F78FF-5AFB-4DF0-9D04-27F887FC3274}.Release|Any CPU.ActiveCfg = Release|Any CPU
		{731F78FF-5AFB-4DF0-9D04-27F887FC3274}.Release|Any CPU.Build.0 = Release|Any CPU
		{731F78FF-5AFB-4DF0-9D04-27F887FC3274}.Release|x64.ActiveCfg = Release|Any CPU
		{731F78FF-5AFB-4DF0-9D04-27F887FC3274}.Release|x64.Build.0 = Release|Any CPU
		{731F78FF-5AFB-4DF0-9D04-27F887FC3274}.Release|x86.ActiveCfg = Release|Any CPU
		{731F78FF-5AFB-4DF0-9D04-27F887FC3274}.Release|x86.Build.0 = Release|Any CPU
		{08D9C9E2-EB03-4818-8700-2BC1333D319A}.Debug|Any CPU.ActiveCfg = Debug|Any CPU
		{08D9C9E2-EB03-4818-8700-2BC1333D319A}.Debug|Any CPU.Build.0 = Debug|Any CPU
		{08D9C9E2-EB03-4818-8700-2BC1333D319A}.Debug|x64.ActiveCfg = Debug|Any CPU
		{08D9C9E2-EB03-4818-8700-2BC1333D319A}.Debug|x64.Build.0 = Debug|Any CPU
		{08D9C9E2-EB03-4818-8700-2BC1333D319A}.Debug|x86.ActiveCfg = Debug|Any CPU
		{08D9C9E2-EB03-4818-8700-2BC1333D319A}.Debug|x86.Build.0 = Debug|Any CPU
		{08D9C9E2-EB03-4818-8700-2BC1333D319A}.Release|Any CPU.ActiveCfg = Release|Any CPU
		{08D9C9E2-EB03-4818-8700-2BC1333D319A}.Release|Any CPU.Build.0 = Release|Any CPU
		{08D9C9E2-EB03-4818-8700-2BC1333D319A}.Release|x64.ActiveCfg = Release|Any CPU
		{08D9C9E2-EB03-4818-8700-2BC1333D319A}.Release|x64.Build.0 = Release|Any CPU
		{08D9C9E2-EB03-4818-8700-2BC1333D319A}.Release|x86.ActiveCfg = Release|Any CPU
		{08D9C9E2-EB03-4818-8700-2BC1333D319A}.Release|x86.Build.0 = Release|Any CPU
		{2A63F436-BC1F-4DB3-A01B-A413AF1FA69F}.Debug|Any CPU.ActiveCfg = Debug|Any CPU
		{2A63F436-BC1F-4DB3-A01B-A413AF1FA69F}.Debug|Any CPU.Build.0 = Debug|Any CPU
		{2A63F436-BC1F-4DB3-A01B-A413AF1FA69F}.Debug|x64.ActiveCfg = Debug|Any CPU
		{2A63F436-BC1F-4DB3-A01B-A413AF1FA69F}.Debug|x64.Build.0 = Debug|Any CPU
		{2A63F436-BC1F-4DB3-A01B-A413AF1FA69F}.Debug|x86.ActiveCfg = Debug|Any CPU
		{2A63F436-BC1F-4DB3-A01B-A413AF1FA69F}.Debug|x86.Build.0 = Debug|Any CPU
		{2A63F436-BC1F-4DB3-A01B-A413AF1FA69F}.Release|Any CPU.ActiveCfg = Release|Any CPU
		{2A63F436-BC1F-4DB3-A01B-A413AF1FA69F}.Release|Any CPU.Build.0 = Release|Any CPU
		{2A63F436-BC1F-4DB3-A01B-A413AF1FA69F}.Release|x64.ActiveCfg = Release|Any CPU
		{2A63F436-BC1F-4DB3-A01B-A413AF1FA69F}.Release|x64.Build.0 = Release|Any CPU
		{2A63F436-BC1F-4DB3-A01B-A413AF1FA69F}.Release|x86.ActiveCfg = Release|Any CPU
		{2A63F436-BC1F-4DB3-A01B-A413AF1FA69F}.Release|x86.Build.0 = Release|Any CPU
		{997BFC82-746B-41B5-B7D8-F33884526810}.Debug|Any CPU.ActiveCfg = Debug|Any CPU
		{997BFC82-746B-41B5-B7D8-F33884526810}.Debug|Any CPU.Build.0 = Debug|Any CPU
		{997BFC82-746B-41B5-B7D8-F33884526810}.Debug|x64.ActiveCfg = Debug|Any CPU
		{997BFC82-746B-41B5-B7D8-F33884526810}.Debug|x64.Build.0 = Debug|Any CPU
		{997BFC82-746B-41B5-B7D8-F33884526810}.Debug|x86.ActiveCfg = Debug|Any CPU
		{997BFC82-746B-41B5-B7D8-F33884526810}.Debug|x86.Build.0 = Debug|Any CPU
		{997BFC82-746B-41B5-B7D8-F33884526810}.Release|Any CPU.ActiveCfg = Release|Any CPU
		{997BFC82-746B-41B5-B7D8-F33884526810}.Release|Any CPU.Build.0 = Release|Any CPU
		{997BFC82-746B-41B5-B7D8-F33884526810}.Release|x64.ActiveCfg = Release|Any CPU
		{997BFC82-746B-41B5-B7D8-F33884526810}.Release|x64.Build.0 = Release|Any CPU
		{997BFC82-746B-41B5-B7D8-F33884526810}.Release|x86.ActiveCfg = Release|Any CPU
		{997BFC82-746B-41B5-B7D8-F33884526810}.Release|x86.Build.0 = Release|Any CPU
		{B8F6A6E7-96CF-41DB-981F-431BC08DAD03}.Debug|Any CPU.ActiveCfg = Debug|Any CPU
		{B8F6A6E7-96CF-41DB-981F-431BC08DAD03}.Debug|Any CPU.Build.0 = Debug|Any CPU
		{B8F6A6E7-96CF-41DB-981F-431BC08DAD03}.Debug|x64.ActiveCfg = Debug|Any CPU
		{B8F6A6E7-96CF-41DB-981F-431BC08DAD03}.Debug|x64.Build.0 = Debug|Any CPU
		{B8F6A6E7-96CF-41DB-981F-431BC08DAD03}.Debug|x86.ActiveCfg = Debug|Any CPU
		{B8F6A6E7-96CF-41DB-981F-431BC08DAD03}.Debug|x86.Build.0 = Debug|Any CPU
		{B8F6A6E7-96CF-41DB-981F-431BC08DAD03}.Release|Any CPU.ActiveCfg = Release|Any CPU
		{B8F6A6E7-96CF-41DB-981F-431BC08DAD03}.Release|Any CPU.Build.0 = Release|Any CPU
		{B8F6A6E7-96CF-41DB-981F-431BC08DAD03}.Release|x64.ActiveCfg = Release|Any CPU
		{B8F6A6E7-96CF-41DB-981F-431BC08DAD03}.Release|x64.Build.0 = Release|Any CPU
		{B8F6A6E7-96CF-41DB-981F-431BC08DAD03}.Release|x86.ActiveCfg = Release|Any CPU
		{B8F6A6E7-96CF-41DB-981F-431BC08DAD03}.Release|x86.Build.0 = Release|Any CPU
		{A2E36E4C-EEDA-4E75-8A04-AB71F3B95C6F}.Debug|Any CPU.ActiveCfg = Debug|Any CPU
		{A2E36E4C-EEDA-4E75-8A04-AB71F3B95C6F}.Debug|Any CPU.Build.0 = Debug|Any CPU
		{A2E36E4C-EEDA-4E75-8A04-AB71F3B95C6F}.Debug|x64.ActiveCfg = Debug|Any CPU
		{A2E36E4C-EEDA-4E75-8A04-AB71F3B95C6F}.Debug|x64.Build.0 = Debug|Any CPU
		{A2E36E4C-EEDA-4E75-8A04-AB71F3B95C6F}.Debug|x86.ActiveCfg = Debug|Any CPU
		{A2E36E4C-EEDA-4E75-8A04-AB71F3B95C6F}.Debug|x86.Build.0 = Debug|Any CPU
		{A2E36E4C-EEDA-4E75-8A04-AB71F3B95C6F}.Release|Any CPU.ActiveCfg = Release|Any CPU
		{A2E36E4C-EEDA-4E75-8A04-AB71F3B95C6F}.Release|Any CPU.Build.0 = Release|Any CPU
		{A2E36E4C-EEDA-4E75-8A04-AB71F3B95C6F}.Release|x64.ActiveCfg = Release|Any CPU
		{A2E36E4C-EEDA-4E75-8A04-AB71F3B95C6F}.Release|x64.Build.0 = Release|Any CPU
		{A2E36E4C-EEDA-4E75-8A04-AB71F3B95C6F}.Release|x86.ActiveCfg = Release|Any CPU
		{A2E36E4C-EEDA-4E75-8A04-AB71F3B95C6F}.Release|x86.Build.0 = Release|Any CPU
	EndGlobalSection
	GlobalSection(SolutionProperties) = preSolution
		HideSolutionNode = FALSE
	EndGlobalSection
	GlobalSection(NestedProjects) = preSolution
		{731F78FF-5AFB-4DF0-9D04-27F887FC3274} = {827E0CD3-B72D-47B6-A68D-7590B98EB39B}
		{08D9C9E2-EB03-4818-8700-2BC1333D319A} = {827E0CD3-B72D-47B6-A68D-7590B98EB39B}
		{2A63F436-BC1F-4DB3-A01B-A413AF1FA69F} = {827E0CD3-B72D-47B6-A68D-7590B98EB39B}
		{997BFC82-746B-41B5-B7D8-F33884526810} = {827E0CD3-B72D-47B6-A68D-7590B98EB39B}
		{B8F6A6E7-96CF-41DB-981F-431BC08DAD03} = {827E0CD3-B72D-47B6-A68D-7590B98EB39B}
		{A2E36E4C-EEDA-4E75-8A04-AB71F3B95C6F} = {0AB3BF05-4346-4AA6-1389-037BE0695223}
	EndGlobalSection
EndGlobal
